PODS:
  - MBProgressHUD (0.9.1)
  - pop (1.0.7)
  - SDWebImage (3.7.2):
    - SDWebImage/Core (= 3.7.2)
  - SDWebImage/Core (3.7.2)
  - SwipeView (1.3.2)

DEPENDENCIES:
  - MBProgressHUD (~> 0.9.1)
  - pop (~> 1.0)
  - SDWebImage (~> 3.7)
  - SwipeView

SPEC CHECKSUMS:
  MBProgressHUD: c47f2c166c126cf2ce36498d80f33e754d4e93ad
  pop: 628ffc631644601567ee8bfaaaea493ebd7d0923
  SDWebImage: 71b7cdc1d1721d6a82ed62889030225f2c249e29
  SwipeView: bd67cfaf7760c036438446b3ccb28a3b84fce009

COCOAPODS: 0.38.2
