// !$*UTF8*$!
{
	archiveVersion = 1;
	classes = {
	};
	objectVersion = 46;
	objects = {

/* Begin PBXBuildFile section */
		04968A9E1B4CBA4B0005C3B0 /* main.m in Sources */ = {isa = PBXBuildFile; fileRef = 04968A9D1B4CBA4B0005C3B0 /* main.m */; };
		04968AA11B4CBA4B0005C3B0 /* AppDelegate.m in Sources */ = {isa = PBXBuildFile; fileRef = 04968AA01B4CBA4B0005C3B0 /* AppDelegate.m */; };
		04968AA41B4CBA4B0005C3B0 /* ViewController.m in Sources */ = {isa = PBXBuildFile; fileRef = 04968AA31B4CBA4B0005C3B0 /* ViewController.m */; };
		04968AA71B4CBA4B0005C3B0 /* Main.storyboard in Resources */ = {isa = PBXBuildFile; fileRef = 04968AA51B4CBA4B0005C3B0 /* Main.storyboard */; };
		04968AA91B4CBA4B0005C3B0 /* Images.xcassets in Resources */ = {isa = PBXBuildFile; fileRef = 04968AA81B4CBA4B0005C3B0 /* Images.xcassets */; };
		04968AAC1B4CBA4B0005C3B0 /* LaunchScreen.xib in Resources */ = {isa = PBXBuildFile; fileRef = 04968AAA1B4CBA4B0005C3B0 /* LaunchScreen.xib */; };
		04968AB81B4CBA4B0005C3B0 /* DWCorePhotoTests.m in Sources */ = {isa = PBXBuildFile; fileRef = 04968AB71B4CBA4B0005C3B0 /* DWCorePhotoTests.m */; };
		04968AC51B4CBD3B0005C3B0 /* MainCell.m in Sources */ = {isa = PBXBuildFile; fileRef = 04968AC41B4CBD3B0005C3B0 /* MainCell.m */; };
		04968AC91B4CBDF20005C3B0 /* SingleShowImage.m in Sources */ = {isa = PBXBuildFile; fileRef = 04968AC81B4CBDF20005C3B0 /* SingleShowImage.m */; };
		04968ACD1B4CC7B60005C3B0 /* TableViewController.m in Sources */ = {isa = PBXBuildFile; fileRef = 04968ACC1B4CC7B60005C3B0 /* TableViewController.m */; };
		04968AD01B4CC7CB0005C3B0 /* CollectionViewController.m in Sources */ = {isa = PBXBuildFile; fileRef = 04968ACF1B4CC7CB0005C3B0 /* CollectionViewController.m */; };
		04968AD31B4CC8230005C3B0 /* TableCell.m in Sources */ = {isa = PBXBuildFile; fileRef = 04968AD21B4CC8230005C3B0 /* TableCell.m */; };
		04968AD61B4CC8300005C3B0 /* CollectionCell.m in Sources */ = {isa = PBXBuildFile; fileRef = 04968AD51B4CC8300005C3B0 /* CollectionCell.m */; };
		04968AD91B4CD1EE0005C3B0 /* ShowImageController.m in Sources */ = {isa = PBXBuildFile; fileRef = 04968AD81B4CD1EE0005C3B0 /* ShowImageController.m */; };
		04968ADC1B4CD2410005C3B0 /* ShowImageView.m in Sources */ = {isa = PBXBuildFile; fileRef = 04968ADB1B4CD2410005C3B0 /* ShowImageView.m */; };
		04968ADE1B4CD24E0005C3B0 /* ShowImageView.xib in Resources */ = {isa = PBXBuildFile; fileRef = 04968ADD1B4CD24E0005C3B0 /* ShowImageView.xib */; };
		04DD728B1B5348B80092342C /* MixViewController.m in Sources */ = {isa = PBXBuildFile; fileRef = 04DD728A1B5348B80092342C /* MixViewController.m */; };
		04DD72911B534AD60092342C /* MixCell.m in Sources */ = {isa = PBXBuildFile; fileRef = 04DD72901B534AD60092342C /* MixCell.m */; };
		04DD72991B534C5C0092342C /* MixModel.m in Sources */ = {isa = PBXBuildFile; fileRef = 04DD72981B534C5C0092342C /* MixModel.m */; };
		2105E29F1B831750009B934D /* ImageModel.m in Sources */ = {isa = PBXBuildFile; fileRef = 2105E29E1B831750009B934D /* ImageModel.m */; };
		2105E2A21B8322E7009B934D /* NewShowImageController.m in Sources */ = {isa = PBXBuildFile; fileRef = 2105E2A11B8322E7009B934D /* NewShowImageController.m */; };
		2105E2A51B832A6F009B934D /* NewShowImageView.m in Sources */ = {isa = PBXBuildFile; fileRef = 2105E2A41B832A6F009B934D /* NewShowImageView.m */; };
		2105E2A71B832A7B009B934D /* NewShowImageView.xib in Resources */ = {isa = PBXBuildFile; fileRef = 2105E2A61B832A7B009B934D /* NewShowImageView.xib */; };
		56EE9C7FC6E4C38D305867EE /* libPods-DWCorePhoto.a in Frameworks */ = {isa = PBXBuildFile; fileRef = 2FAE52EA2B884DD95F125F1A /* libPods-DWCorePhoto.a */; };
		6052B82EE69D46BE328C2C31 /* libPods-DWCorePhotoTests.a in Frameworks */ = {isa = PBXBuildFile; fileRef = 76910BAA27BBD2AC270971E3 /* libPods-DWCorePhotoTests.a */; };
/* End PBXBuildFile section */

/* Begin PBXContainerItemProxy section */
		04968AB21B4CBA4B0005C3B0 /* PBXContainerItemProxy */ = {
			isa = PBXContainerItemProxy;
			containerPortal = 04968A901B4CBA4B0005C3B0 /* Project object */;
			proxyType = 1;
			remoteGlobalIDString = 04968A971B4CBA4B0005C3B0;
			remoteInfo = DWCorePhoto;
		};
/* End PBXContainerItemProxy section */

/* Begin PBXFileReference section */
		04968A981B4CBA4B0005C3B0 /* DWCorePhoto.app */ = {isa = PBXFileReference; explicitFileType = wrapper.application; includeInIndex = 0; path = DWCorePhoto.app; sourceTree = BUILT_PRODUCTS_DIR; };
		04968A9C1B4CBA4B0005C3B0 /* Info.plist */ = {isa = PBXFileReference; lastKnownFileType = text.plist.xml; path = Info.plist; sourceTree = "<group>"; };
		04968A9D1B4CBA4B0005C3B0 /* main.m */ = {isa = PBXFileReference; lastKnownFileType = sourcecode.c.objc; path = main.m; sourceTree = "<group>"; };
		04968A9F1B4CBA4B0005C3B0 /* AppDelegate.h */ = {isa = PBXFileReference; lastKnownFileType = sourcecode.c.h; path = AppDelegate.h; sourceTree = "<group>"; };
		04968AA01B4CBA4B0005C3B0 /* AppDelegate.m */ = {isa = PBXFileReference; lastKnownFileType = sourcecode.c.objc; path = AppDelegate.m; sourceTree = "<group>"; };
		04968AA21B4CBA4B0005C3B0 /* ViewController.h */ = {isa = PBXFileReference; lastKnownFileType = sourcecode.c.h; path = ViewController.h; sourceTree = "<group>"; };
		04968AA31B4CBA4B0005C3B0 /* ViewController.m */ = {isa = PBXFileReference; lastKnownFileType = sourcecode.c.objc; path = ViewController.m; sourceTree = "<group>"; };
		04968AA61B4CBA4B0005C3B0 /* Base */ = {isa = PBXFileReference; lastKnownFileType = file.storyboard; name = Base; path = Base.lproj/Main.storyboard; sourceTree = "<group>"; };
		04968AA81B4CBA4B0005C3B0 /* Images.xcassets */ = {isa = PBXFileReference; lastKnownFileType = folder.assetcatalog; path = Images.xcassets; sourceTree = "<group>"; };
		04968AAB1B4CBA4B0005C3B0 /* Base */ = {isa = PBXFileReference; lastKnownFileType = file.xib; name = Base; path = Base.lproj/LaunchScreen.xib; sourceTree = "<group>"; };
		04968AB11B4CBA4B0005C3B0 /* DWCorePhotoTests.xctest */ = {isa = PBXFileReference; explicitFileType = wrapper.cfbundle; includeInIndex = 0; path = DWCorePhotoTests.xctest; sourceTree = BUILT_PRODUCTS_DIR; };
		04968AB61B4CBA4B0005C3B0 /* Info.plist */ = {isa = PBXFileReference; lastKnownFileType = text.plist.xml; path = Info.plist; sourceTree = "<group>"; };
		04968AB71B4CBA4B0005C3B0 /* DWCorePhotoTests.m */ = {isa = PBXFileReference; lastKnownFileType = sourcecode.c.objc; path = DWCorePhotoTests.m; sourceTree = "<group>"; };
		04968AC11B4CBBD80005C3B0 /* PCHeader.h */ = {isa = PBXFileReference; lastKnownFileType = sourcecode.c.h; name = PCHeader.h; path = DWCorePhotoTests/PCHeader.h; sourceTree = SOURCE_ROOT; };
		04968AC31B4CBD3B0005C3B0 /* MainCell.h */ = {isa = PBXFileReference; fileEncoding = 4; lastKnownFileType = sourcecode.c.h; path = MainCell.h; sourceTree = "<group>"; };
		04968AC41B4CBD3B0005C3B0 /* MainCell.m */ = {isa = PBXFileReference; fileEncoding = 4; lastKnownFileType = sourcecode.c.objc; path = MainCell.m; sourceTree = "<group>"; };
		04968AC71B4CBDF20005C3B0 /* SingleShowImage.h */ = {isa = PBXFileReference; fileEncoding = 4; lastKnownFileType = sourcecode.c.h; path = SingleShowImage.h; sourceTree = "<group>"; };
		04968AC81B4CBDF20005C3B0 /* SingleShowImage.m */ = {isa = PBXFileReference; fileEncoding = 4; lastKnownFileType = sourcecode.c.objc; path = SingleShowImage.m; sourceTree = "<group>"; };
		04968ACB1B4CC7B60005C3B0 /* TableViewController.h */ = {isa = PBXFileReference; fileEncoding = 4; lastKnownFileType = sourcecode.c.h; path = TableViewController.h; sourceTree = "<group>"; };
		04968ACC1B4CC7B60005C3B0 /* TableViewController.m */ = {isa = PBXFileReference; fileEncoding = 4; lastKnownFileType = sourcecode.c.objc; path = TableViewController.m; sourceTree = "<group>"; };
		04968ACE1B4CC7CB0005C3B0 /* CollectionViewController.h */ = {isa = PBXFileReference; fileEncoding = 4; lastKnownFileType = sourcecode.c.h; path = CollectionViewController.h; sourceTree = "<group>"; };
		04968ACF1B4CC7CB0005C3B0 /* CollectionViewController.m */ = {isa = PBXFileReference; fileEncoding = 4; lastKnownFileType = sourcecode.c.objc; path = CollectionViewController.m; sourceTree = "<group>"; };
		04968AD11B4CC8230005C3B0 /* TableCell.h */ = {isa = PBXFileReference; fileEncoding = 4; lastKnownFileType = sourcecode.c.h; path = TableCell.h; sourceTree = "<group>"; };
		04968AD21B4CC8230005C3B0 /* TableCell.m */ = {isa = PBXFileReference; fileEncoding = 4; lastKnownFileType = sourcecode.c.objc; path = TableCell.m; sourceTree = "<group>"; };
		04968AD41B4CC8300005C3B0 /* CollectionCell.h */ = {isa = PBXFileReference; fileEncoding = 4; lastKnownFileType = sourcecode.c.h; path = CollectionCell.h; sourceTree = "<group>"; };
		04968AD51B4CC8300005C3B0 /* CollectionCell.m */ = {isa = PBXFileReference; fileEncoding = 4; lastKnownFileType = sourcecode.c.objc; path = CollectionCell.m; sourceTree = "<group>"; };
		04968AD71B4CD1EE0005C3B0 /* ShowImageController.h */ = {isa = PBXFileReference; fileEncoding = 4; lastKnownFileType = sourcecode.c.h; path = ShowImageController.h; sourceTree = "<group>"; };
		04968AD81B4CD1EE0005C3B0 /* ShowImageController.m */ = {isa = PBXFileReference; fileEncoding = 4; lastKnownFileType = sourcecode.c.objc; path = ShowImageController.m; sourceTree = "<group>"; };
		04968ADA1B4CD2410005C3B0 /* ShowImageView.h */ = {isa = PBXFileReference; fileEncoding = 4; lastKnownFileType = sourcecode.c.h; path = ShowImageView.h; sourceTree = "<group>"; };
		04968ADB1B4CD2410005C3B0 /* ShowImageView.m */ = {isa = PBXFileReference; fileEncoding = 4; lastKnownFileType = sourcecode.c.objc; path = ShowImageView.m; sourceTree = "<group>"; };
		04968ADD1B4CD24E0005C3B0 /* ShowImageView.xib */ = {isa = PBXFileReference; fileEncoding = 4; lastKnownFileType = file.xib; path = ShowImageView.xib; sourceTree = "<group>"; };
		04DD72891B5348B80092342C /* MixViewController.h */ = {isa = PBXFileReference; fileEncoding = 4; lastKnownFileType = sourcecode.c.h; path = MixViewController.h; sourceTree = "<group>"; };
		04DD728A1B5348B80092342C /* MixViewController.m */ = {isa = PBXFileReference; fileEncoding = 4; lastKnownFileType = sourcecode.c.objc; path = MixViewController.m; sourceTree = "<group>"; };
		04DD728F1B534AD60092342C /* MixCell.h */ = {isa = PBXFileReference; fileEncoding = 4; lastKnownFileType = sourcecode.c.h; path = MixCell.h; sourceTree = "<group>"; };
		04DD72901B534AD60092342C /* MixCell.m */ = {isa = PBXFileReference; fileEncoding = 4; lastKnownFileType = sourcecode.c.objc; path = MixCell.m; sourceTree = "<group>"; };
		04DD72971B534C5C0092342C /* MixModel.h */ = {isa = PBXFileReference; fileEncoding = 4; lastKnownFileType = sourcecode.c.h; path = MixModel.h; sourceTree = "<group>"; };
		04DD72981B534C5C0092342C /* MixModel.m */ = {isa = PBXFileReference; fileEncoding = 4; lastKnownFileType = sourcecode.c.objc; path = MixModel.m; sourceTree = "<group>"; };
		2105E29D1B831750009B934D /* ImageModel.h */ = {isa = PBXFileReference; fileEncoding = 4; lastKnownFileType = sourcecode.c.h; path = ImageModel.h; sourceTree = "<group>"; };
		2105E29E1B831750009B934D /* ImageModel.m */ = {isa = PBXFileReference; fileEncoding = 4; lastKnownFileType = sourcecode.c.objc; path = ImageModel.m; sourceTree = "<group>"; };
		2105E2A01B8322E7009B934D /* NewShowImageController.h */ = {isa = PBXFileReference; fileEncoding = 4; lastKnownFileType = sourcecode.c.h; path = NewShowImageController.h; sourceTree = "<group>"; };
		2105E2A11B8322E7009B934D /* NewShowImageController.m */ = {isa = PBXFileReference; fileEncoding = 4; lastKnownFileType = sourcecode.c.objc; path = NewShowImageController.m; sourceTree = "<group>"; };
		2105E2A31B832A6F009B934D /* NewShowImageView.h */ = {isa = PBXFileReference; fileEncoding = 4; lastKnownFileType = sourcecode.c.h; path = NewShowImageView.h; sourceTree = "<group>"; };
		2105E2A41B832A6F009B934D /* NewShowImageView.m */ = {isa = PBXFileReference; fileEncoding = 4; lastKnownFileType = sourcecode.c.objc; path = NewShowImageView.m; sourceTree = "<group>"; };
		2105E2A61B832A7B009B934D /* NewShowImageView.xib */ = {isa = PBXFileReference; fileEncoding = 4; lastKnownFileType = file.xib; path = NewShowImageView.xib; sourceTree = "<group>"; };
		2CD857CF43FEC5DA45B428C8 /* Pods-DWCorePhotoTests.release.xcconfig */ = {isa = PBXFileReference; includeInIndex = 1; lastKnownFileType = text.xcconfig; name = "Pods-DWCorePhotoTests.release.xcconfig"; path = "Pods/Target Support Files/Pods-DWCorePhotoTests/Pods-DWCorePhotoTests.release.xcconfig"; sourceTree = "<group>"; };
		2FAE52EA2B884DD95F125F1A /* libPods-DWCorePhoto.a */ = {isa = PBXFileReference; explicitFileType = archive.ar; includeInIndex = 0; path = "libPods-DWCorePhoto.a"; sourceTree = BUILT_PRODUCTS_DIR; };
		51EC269CB568D80FE2946A44 /* Pods-DWCorePhoto.debug.xcconfig */ = {isa = PBXFileReference; includeInIndex = 1; lastKnownFileType = text.xcconfig; name = "Pods-DWCorePhoto.debug.xcconfig"; path = "Pods/Target Support Files/Pods-DWCorePhoto/Pods-DWCorePhoto.debug.xcconfig"; sourceTree = "<group>"; };
		5540BE4D61213F043A061747 /* Pods-DWCorePhoto.release.xcconfig */ = {isa = PBXFileReference; includeInIndex = 1; lastKnownFileType = text.xcconfig; name = "Pods-DWCorePhoto.release.xcconfig"; path = "Pods/Target Support Files/Pods-DWCorePhoto/Pods-DWCorePhoto.release.xcconfig"; sourceTree = "<group>"; };
		76910BAA27BBD2AC270971E3 /* libPods-DWCorePhotoTests.a */ = {isa = PBXFileReference; explicitFileType = archive.ar; includeInIndex = 0; path = "libPods-DWCorePhotoTests.a"; sourceTree = BUILT_PRODUCTS_DIR; };
		F24D0C04B10634007C443332 /* Pods-DWCorePhotoTests.debug.xcconfig */ = {isa = PBXFileReference; includeInIndex = 1; lastKnownFileType = text.xcconfig; name = "Pods-DWCorePhotoTests.debug.xcconfig"; path = "Pods/Target Support Files/Pods-DWCorePhotoTests/Pods-DWCorePhotoTests.debug.xcconfig"; sourceTree = "<group>"; };
/* End PBXFileReference section */

/* Begin PBXFrameworksBuildPhase section */
		04968A951B4CBA4B0005C3B0 /* Frameworks */ = {
			isa = PBXFrameworksBuildPhase;
			buildActionMask = 2147483647;
			files = (
				56EE9C7FC6E4C38D305867EE /* libPods-DWCorePhoto.a in Frameworks */,
			);
			runOnlyForDeploymentPostprocessing = 0;
		};
		04968AAE1B4CBA4B0005C3B0 /* Frameworks */ = {
			isa = PBXFrameworksBuildPhase;
			buildActionMask = 2147483647;
			files = (
				6052B82EE69D46BE328C2C31 /* libPods-DWCorePhotoTests.a in Frameworks */,
			);
			runOnlyForDeploymentPostprocessing = 0;
		};
/* End PBXFrameworksBuildPhase section */

/* Begin PBXGroup section */
		04968A8F1B4CBA4B0005C3B0 = {
			isa = PBXGroup;
			children = (
				04968A9A1B4CBA4B0005C3B0 /* DWCorePhoto */,
				04968AB41B4CBA4B0005C3B0 /* DWCorePhotoTests */,
				04968A991B4CBA4B0005C3B0 /* Products */,
				EEB2641A55405A5EDC2422A9 /* Pods */,
				7DAF1F1754828484FE71101D /* Frameworks */,
			);
			sourceTree = "<group>";
		};
		04968A991B4CBA4B0005C3B0 /* Products */ = {
			isa = PBXGroup;
			children = (
				04968A981B4CBA4B0005C3B0 /* DWCorePhoto.app */,
				04968AB11B4CBA4B0005C3B0 /* DWCorePhotoTests.xctest */,
			);
			name = Products;
			sourceTree = "<group>";
		};
		04968A9A1B4CBA4B0005C3B0 /* DWCorePhoto */ = {
			isa = PBXGroup;
			children = (
				04968ACA1B4CC1AF0005C3B0 /* Views */,
				04968AC61B4CBDC40005C3B0 /* Models */,
				04968AC21B4CBC820005C3B0 /* Cells */,
				04968A9F1B4CBA4B0005C3B0 /* AppDelegate.h */,
				04968AA01B4CBA4B0005C3B0 /* AppDelegate.m */,
				04968AA21B4CBA4B0005C3B0 /* ViewController.h */,
				04968AA31B4CBA4B0005C3B0 /* ViewController.m */,
				04968AC71B4CBDF20005C3B0 /* SingleShowImage.h */,
				04968AC81B4CBDF20005C3B0 /* SingleShowImage.m */,
				04968ACB1B4CC7B60005C3B0 /* TableViewController.h */,
				04968ACC1B4CC7B60005C3B0 /* TableViewController.m */,
				04968ACE1B4CC7CB0005C3B0 /* CollectionViewController.h */,
				04968ACF1B4CC7CB0005C3B0 /* CollectionViewController.m */,
				04968AD71B4CD1EE0005C3B0 /* ShowImageController.h */,
				04968AD81B4CD1EE0005C3B0 /* ShowImageController.m */,
				2105E2A01B8322E7009B934D /* NewShowImageController.h */,
				2105E2A11B8322E7009B934D /* NewShowImageController.m */,
				04DD72891B5348B80092342C /* MixViewController.h */,
				04DD728A1B5348B80092342C /* MixViewController.m */,
				04968AA51B4CBA4B0005C3B0 /* Main.storyboard */,
				04968AA81B4CBA4B0005C3B0 /* Images.xcassets */,
				04968AAA1B4CBA4B0005C3B0 /* LaunchScreen.xib */,
				04968A9B1B4CBA4B0005C3B0 /* Supporting Files */,
			);
			path = DWCorePhoto;
			sourceTree = "<group>";
		};
		04968A9B1B4CBA4B0005C3B0 /* Supporting Files */ = {
			isa = PBXGroup;
			children = (
				04968A9C1B4CBA4B0005C3B0 /* Info.plist */,
				04968A9D1B4CBA4B0005C3B0 /* main.m */,
				04968AC11B4CBBD80005C3B0 /* PCHeader.h */,
			);
			name = "Supporting Files";
			sourceTree = "<group>";
		};
		04968AB41B4CBA4B0005C3B0 /* DWCorePhotoTests */ = {
			isa = PBXGroup;
			children = (
				04968AB71B4CBA4B0005C3B0 /* DWCorePhotoTests.m */,
				04968AB51B4CBA4B0005C3B0 /* Supporting Files */,
			);
			path = DWCorePhotoTests;
			sourceTree = "<group>";
		};
		04968AB51B4CBA4B0005C3B0 /* Supporting Files */ = {
			isa = PBXGroup;
			children = (
				04968AB61B4CBA4B0005C3B0 /* Info.plist */,
			);
			name = "Supporting Files";
			sourceTree = "<group>";
		};
		04968AC21B4CBC820005C3B0 /* Cells */ = {
			isa = PBXGroup;
			children = (
				04968AC31B4CBD3B0005C3B0 /* MainCell.h */,
				04968AC41B4CBD3B0005C3B0 /* MainCell.m */,
				04968AD11B4CC8230005C3B0 /* TableCell.h */,
				04968AD21B4CC8230005C3B0 /* TableCell.m */,
				04968AD41B4CC8300005C3B0 /* CollectionCell.h */,
				04968AD51B4CC8300005C3B0 /* CollectionCell.m */,
				04DD728F1B534AD60092342C /* MixCell.h */,
				04DD72901B534AD60092342C /* MixCell.m */,
			);
			path = Cells;
			sourceTree = "<group>";
		};
		04968AC61B4CBDC40005C3B0 /* Models */ = {
			isa = PBXGroup;
			children = (
				04DD72971B534C5C0092342C /* MixModel.h */,
				04DD72981B534C5C0092342C /* MixModel.m */,
				2105E29D1B831750009B934D /* ImageModel.h */,
				2105E29E1B831750009B934D /* ImageModel.m */,
			);
			path = Models;
			sourceTree = "<group>";
		};
		04968ACA1B4CC1AF0005C3B0 /* Views */ = {
			isa = PBXGroup;
			children = (
				04968ADA1B4CD2410005C3B0 /* ShowImageView.h */,
				04968ADB1B4CD2410005C3B0 /* ShowImageView.m */,
				04968ADD1B4CD24E0005C3B0 /* ShowImageView.xib */,
				2105E2A31B832A6F009B934D /* NewShowImageView.h */,
				2105E2A41B832A6F009B934D /* NewShowImageView.m */,
				2105E2A61B832A7B009B934D /* NewShowImageView.xib */,
			);
			path = Views;
			sourceTree = "<group>";
		};
		7DAF1F1754828484FE71101D /* Frameworks */ = {
			isa = PBXGroup;
			children = (
				2FAE52EA2B884DD95F125F1A /* libPods-DWCorePhoto.a */,
				76910BAA27BBD2AC270971E3 /* libPods-DWCorePhotoTests.a */,
			);
			name = Frameworks;
			sourceTree = "<group>";
		};
		EEB2641A55405A5EDC2422A9 /* Pods */ = {
			isa = PBXGroup;
			children = (
				51EC269CB568D80FE2946A44 /* Pods-DWCorePhoto.debug.xcconfig */,
				5540BE4D61213F043A061747 /* Pods-DWCorePhoto.release.xcconfig */,
				F24D0C04B10634007C443332 /* Pods-DWCorePhotoTests.debug.xcconfig */,
				2CD857CF43FEC5DA45B428C8 /* Pods-DWCorePhotoTests.release.xcconfig */,
			);
			name = Pods;
			sourceTree = "<group>";
		};
/* End PBXGroup section */

/* Begin PBXNativeTarget section */
		04968A971B4CBA4B0005C3B0 /* DWCorePhoto */ = {
			isa = PBXNativeTarget;
			buildConfigurationList = 04968ABB1B4CBA4B0005C3B0 /* Build configuration list for PBXNativeTarget "DWCorePhoto" */;
			buildPhases = (
				20A20100E2BAC8E72AA1F656 /* [CP] Check Pods Manifest.lock */,
				04968A941B4CBA4B0005C3B0 /* Sources */,
				04968A951B4CBA4B0005C3B0 /* Frameworks */,
				04968A961B4CBA4B0005C3B0 /* Resources */,
				1461A9F7AD1893D316CDDDB0 /* [CP] Embed Pods Frameworks */,
				959C770C58AA819915D1F81E /* [CP] Copy Pods Resources */,
			);
			buildRules = (
			);
			dependencies = (
			);
			name = DWCorePhoto;
			productName = DWCorePhoto;
			productReference = 04968A981B4CBA4B0005C3B0 /* DWCorePhoto.app */;
			productType = "com.apple.product-type.application";
		};
		04968AB01B4CBA4B0005C3B0 /* DWCorePhotoTests */ = {
			isa = PBXNativeTarget;
			buildConfigurationList = 04968ABE1B4CBA4B0005C3B0 /* Build configuration list for PBXNativeTarget "DWCorePhotoTests" */;
			buildPhases = (
				C95FE224B17F3E2A3251215C /* [CP] Check Pods Manifest.lock */,
				04968AAD1B4CBA4B0005C3B0 /* Sources */,
				04968AAE1B4CBA4B0005C3B0 /* Frameworks */,
				04968AAF1B4CBA4B0005C3B0 /* Resources */,
				5511A574AAE29080D23EDAC8 /* [CP] Embed Pods Frameworks */,
				61AEA4FE80FDDB4DA271D6DC /* [CP] Copy Pods Resources */,
			);
			buildRules = (
			);
			dependencies = (
				04968AB31B4CBA4B0005C3B0 /* PBXTargetDependency */,
			);
			name = DWCorePhotoTests;
			productName = DWCorePhotoTests;
			productReference = 04968AB11B4CBA4B0005C3B0 /* DWCorePhotoTests.xctest */;
			productType = "com.apple.product-type.bundle.unit-test";
		};
/* End PBXNativeTarget section */

/* Begin PBXProject section */
		04968A901B4CBA4B0005C3B0 /* Project object */ = {
			isa = PBXProject;
			attributes = {
				LastUpgradeCheck = 0640;
				ORGANIZATIONNAME = DavidWang;
				TargetAttributes = {
					04968A971B4CBA4B0005C3B0 = {
						CreatedOnToolsVersion = 6.4;
					};
					04968AB01B4CBA4B0005C3B0 = {
						CreatedOnToolsVersion = 6.4;
						TestTargetID = 04968A971B4CBA4B0005C3B0;
					};
				};
			};
			buildConfigurationList = 04968A931B4CBA4B0005C3B0 /* Build configuration list for PBXProject "DWCorePhoto" */;
			compatibilityVersion = "Xcode 3.2";
			developmentRegion = English;
			hasScannedForEncodings = 0;
			knownRegions = (
				en,
				Base,
			);
			mainGroup = 04968A8F1B4CBA4B0005C3B0;
			productRefGroup = 04968A991B4CBA4B0005C3B0 /* Products */;
			projectDirPath = "";
			projectRoot = "";
			targets = (
				04968A971B4CBA4B0005C3B0 /* DWCorePhoto */,
				04968AB01B4CBA4B0005C3B0 /* DWCorePhotoTests */,
			);
		};
/* End PBXProject section */

/* Begin PBXResourcesBuildPhase section */
		04968A961B4CBA4B0005C3B0 /* Resources */ = {
			isa = PBXResourcesBuildPhase;
			buildActionMask = 2147483647;
			files = (
				04968AA71B4CBA4B0005C3B0 /* Main.storyboard in Resources */,
				04968ADE1B4CD24E0005C3B0 /* ShowImageView.xib in Resources */,
				2105E2A71B832A7B009B934D /* NewShowImageView.xib in Resources */,
				04968AAC1B4CBA4B0005C3B0 /* LaunchScreen.xib in Resources */,
				04968AA91B4CBA4B0005C3B0 /* Images.xcassets in Resources */,
			);
			runOnlyForDeploymentPostprocessing = 0;
		};
		04968AAF1B4CBA4B0005C3B0 /* Resources */ = {
			isa = PBXResourcesBuildPhase;
			buildActionMask = 2147483647;
			files = (
			);
			runOnlyForDeploymentPostprocessing = 0;
		};
/* End PBXResourcesBuildPhase section */

/* Begin PBXShellScriptBuildPhase section */
		1461A9F7AD1893D316CDDDB0 /* [CP] Embed Pods Frameworks */ = {
			isa = PBXShellScriptBuildPhase;
			buildActionMask = 2147483647;
			files = (
			);
			inputPaths = (
			);
			name = "[CP] Embed Pods Frameworks";
			outputPaths = (
			);
			runOnlyForDeploymentPostprocessing = 0;
			shellPath = /bin/sh;
			shellScript = "\"${SRCROOT}/Pods/Target Support Files/Pods-DWCorePhoto/Pods-DWCorePhoto-frameworks.sh\"\n";
			showEnvVarsInLog = 0;
		};
		20A20100E2BAC8E72AA1F656 /* [CP] Check Pods Manifest.lock */ = {
			isa = PBXShellScriptBuildPhase;
			buildActionMask = 2147483647;
			files = (
			);
			inputPaths = (
			);
			name = "[CP] Check Pods Manifest.lock";
			outputPaths = (
			);
			runOnlyForDeploymentPostprocessing = 0;
			shellPath = /bin/sh;
			shellScript = "diff \"${PODS_ROOT}/../Podfile.lock\" \"${PODS_ROOT}/Manifest.lock\" > /dev/null\nif [[ $? != 0 ]] ; then\n    cat << EOM\nerror: The sandbox is not in sync with the Podfile.lock. Run 'pod install' or update your CocoaPods installation.\nEOM\n    exit 1\nfi\n";
			showEnvVarsInLog = 0;
		};
		5511A574AAE29080D23EDAC8 /* [CP] Embed Pods Frameworks */ = {
			isa = PBXShellScriptBuildPhase;
			buildActionMask = 2147483647;
			files = (
			);
			inputPaths = (
			);
			name = "[CP] Embed Pods Frameworks";
			outputPaths = (
			);
			runOnlyForDeploymentPostprocessing = 0;
			shellPath = /bin/sh;
			shellScript = "\"${SRCROOT}/Pods/Target Support Files/Pods-DWCorePhotoTests/Pods-DWCorePhotoTests-frameworks.sh\"\n";
			showEnvVarsInLog = 0;
		};
		61AEA4FE80FDDB4DA271D6DC /* [CP] Copy Pods Resources */ = {
			isa = PBXShellScriptBuildPhase;
			buildActionMask = 2147483647;
			files = (
			);
			inputPaths = (
			);
			name = "[CP] Copy Pods Resources";
			outputPaths = (
			);
			runOnlyForDeploymentPostprocessing = 0;
			shellPath = /bin/sh;
			shellScript = "\"${SRCROOT}/Pods/Target Support Files/Pods-DWCorePhotoTests/Pods-DWCorePhotoTests-resources.sh\"\n";
			showEnvVarsInLog = 0;
		};
		959C770C58AA819915D1F81E /* [CP] Copy Pods Resources */ = {
			isa = PBXShellScriptBuildPhase;
			buildActionMask = 2147483647;
			files = (
			);
			inputPaths = (
			);
			name = "[CP] Copy Pods Resources";
			outputPaths = (
			);
			runOnlyForDeploymentPostprocessing = 0;
			shellPath = /bin/sh;
			shellScript = "\"${SRCROOT}/Pods/Target Support Files/Pods-DWCorePhoto/Pods-DWCorePhoto-resources.sh\"\n";
			showEnvVarsInLog = 0;
		};
		C95FE224B17F3E2A3251215C /* [CP] Check Pods Manifest.lock */ = {
			isa = PBXShellScriptBuildPhase;
			buildActionMask = 2147483647;
			files = (
			);
			inputPaths = (
			);
			name = "[CP] Check Pods Manifest.lock";
			outputPaths = (
			);
			runOnlyForDeploymentPostprocessing = 0;
			shellPath = /bin/sh;
			shellScript = "diff \"${PODS_ROOT}/../Podfile.lock\" \"${PODS_ROOT}/Manifest.lock\" > /dev/null\nif [[ $? != 0 ]] ; then\n    cat << EOM\nerror: The sandbox is not in sync with the Podfile.lock. Run 'pod install' or update your CocoaPods installation.\nEOM\n    exit 1\nfi\n";
			showEnvVarsInLog = 0;
		};
/* End PBXShellScriptBuildPhase section */

/* Begin PBXSourcesBuildPhase section */
		04968A941B4CBA4B0005C3B0 /* Sources */ = {
			isa = PBXSourcesBuildPhase;
			buildActionMask = 2147483647;
			files = (
				2105E29F1B831750009B934D /* ImageModel.m in Sources */,
				04968AD91B4CD1EE0005C3B0 /* ShowImageController.m in Sources */,
				04968AA41B4CBA4B0005C3B0 /* ViewController.m in Sources */,
				04968AD01B4CC7CB0005C3B0 /* CollectionViewController.m in Sources */,
				04968ACD1B4CC7B60005C3B0 /* TableViewController.m in Sources */,
				2105E2A21B8322E7009B934D /* NewShowImageController.m in Sources */,
				2105E2A51B832A6F009B934D /* NewShowImageView.m in Sources */,
				04968AD61B4CC8300005C3B0 /* CollectionCell.m in Sources */,
				04968AC91B4CBDF20005C3B0 /* SingleShowImage.m in Sources */,
				04968AA11B4CBA4B0005C3B0 /* AppDelegate.m in Sources */,
				04968ADC1B4CD2410005C3B0 /* ShowImageView.m in Sources */,
				04DD72911B534AD60092342C /* MixCell.m in Sources */,
				04968AC51B4CBD3B0005C3B0 /* MainCell.m in Sources */,
				04968AD31B4CC8230005C3B0 /* TableCell.m in Sources */,
				04968A9E1B4CBA4B0005C3B0 /* main.m in Sources */,
				04DD72991B534C5C0092342C /* MixModel.m in Sources */,
				04DD728B1B5348B80092342C /* MixViewController.m in Sources */,
			);
			runOnlyForDeploymentPostprocessing = 0;
		};
		04968AAD1B4CBA4B0005C3B0 /* Sources */ = {
			isa = PBXSourcesBuildPhase;
			buildActionMask = 2147483647;
			files = (
				04968AB81B4CBA4B0005C3B0 /* DWCorePhotoTests.m in Sources */,
			);
			runOnlyForDeploymentPostprocessing = 0;
		};
/* End PBXSourcesBuildPhase section */

/* Begin PBXTargetDependency section */
		04968AB31B4CBA4B0005C3B0 /* PBXTargetDependency */ = {
			isa = PBXTargetDependency;
			target = 04968A971B4CBA4B0005C3B0 /* DWCorePhoto */;
			targetProxy = 04968AB21B4CBA4B0005C3B0 /* PBXContainerItemProxy */;
		};
/* End PBXTargetDependency section */

/* Begin PBXVariantGroup section */
		04968AA51B4CBA4B0005C3B0 /* Main.storyboard */ = {
			isa = PBXVariantGroup;
			children = (
				04968AA61B4CBA4B0005C3B0 /* Base */,
			);
			name = Main.storyboard;
			sourceTree = "<group>";
		};
		04968AAA1B4CBA4B0005C3B0 /* LaunchScreen.xib */ = {
			isa = PBXVariantGroup;
			children = (
				04968AAB1B4CBA4B0005C3B0 /* Base */,
			);
			name = LaunchScreen.xib;
			sourceTree = "<group>";
		};
/* End PBXVariantGroup section */

/* Begin XCBuildConfiguration section */
		04968AB91B4CBA4B0005C3B0 /* Debug */ = {
			isa = XCBuildConfiguration;
			buildSettings = {
				ALWAYS_SEARCH_USER_PATHS = NO;
				CLANG_CXX_LANGUAGE_STANDARD = "gnu++0x";
				CLANG_CXX_LIBRARY = "libc++";
				CLANG_ENABLE_MODULES = YES;
				CLANG_ENABLE_OBJC_ARC = YES;
				CLANG_WARN_BOOL_CONVERSION = YES;
				CLANG_WARN_CONSTANT_CONVERSION = YES;
				CLANG_WARN_DIRECT_OBJC_ISA_USAGE = YES_ERROR;
				CLANG_WARN_EMPTY_BODY = YES;
				CLANG_WARN_ENUM_CONVERSION = YES;
				CLANG_WARN_INT_CONVERSION = YES;
				CLANG_WARN_OBJC_ROOT_CLASS = YES_ERROR;
				CLANG_WARN_UNREACHABLE_CODE = YES;
				CLANG_WARN__DUPLICATE_METHOD_MATCH = YES;
				"CODE_SIGN_IDENTITY[sdk=iphoneos*]" = "iPhone Developer";
				COPY_PHASE_STRIP = NO;
				DEBUG_INFORMATION_FORMAT = "dwarf-with-dsym";
				ENABLE_STRICT_OBJC_MSGSEND = YES;
				GCC_C_LANGUAGE_STANDARD = gnu99;
				GCC_DYNAMIC_NO_PIC = NO;
				GCC_NO_COMMON_BLOCKS = YES;
				GCC_OPTIMIZATION_LEVEL = 0;
				GCC_PREPROCESSOR_DEFINITIONS = (
					"DEBUG=1",
					"$(inherited)",
				);
				GCC_SYMBOLS_PRIVATE_EXTERN = NO;
				GCC_WARN_64_TO_32_BIT_CONVERSION = YES;
				GCC_WARN_ABOUT_RETURN_TYPE = YES_ERROR;
				GCC_WARN_UNDECLARED_SELECTOR = YES;
				GCC_WARN_UNINITIALIZED_AUTOS = YES_AGGRESSIVE;
				GCC_WARN_UNUSED_FUNCTION = YES;
				GCC_WARN_UNUSED_VARIABLE = YES;
				IPHONEOS_DEPLOYMENT_TARGET = 7.0;
				MTL_ENABLE_DEBUG_INFO = YES;
				ONLY_ACTIVE_ARCH = YES;
				SDKROOT = iphoneos;
			};
			name = Debug;
		};
		04968ABA1B4CBA4B0005C3B0 /* Release */ = {
			isa = XCBuildConfiguration;
			buildSettings = {
				ALWAYS_SEARCH_USER_PATHS = NO;
				CLANG_CXX_LANGUAGE_STANDARD = "gnu++0x";
				CLANG_CXX_LIBRARY = "libc++";
				CLANG_ENABLE_MODULES = YES;
				CLANG_ENABLE_OBJC_ARC = YES;
				CLANG_WARN_BOOL_CONVERSION = YES;
				CLANG_WARN_CONSTANT_CONVERSION = YES;
				CLANG_WARN_DIRECT_OBJC_ISA_USAGE = YES_ERROR;
				CLANG_WARN_EMPTY_BODY = YES;
				CLANG_WARN_ENUM_CONVERSION = YES;
				CLANG_WARN_INT_CONVERSION = YES;
				CLANG_WARN_OBJC_ROOT_CLASS = YES_ERROR;
				CLANG_WARN_UNREACHABLE_CODE = YES;
				CLANG_WARN__DUPLICATE_METHOD_MATCH = YES;
				"CODE_SIGN_IDENTITY[sdk=iphoneos*]" = "iPhone Developer";
				COPY_PHASE_STRIP = NO;
				DEBUG_INFORMATION_FORMAT = "dwarf-with-dsym";
				ENABLE_NS_ASSERTIONS = NO;
				ENABLE_STRICT_OBJC_MSGSEND = YES;
				GCC_C_LANGUAGE_STANDARD = gnu99;
				GCC_NO_COMMON_BLOCKS = YES;
				GCC_WARN_64_TO_32_BIT_CONVERSION = YES;
				GCC_WARN_ABOUT_RETURN_TYPE = YES_ERROR;
				GCC_WARN_UNDECLARED_SELECTOR = YES;
				GCC_WARN_UNINITIALIZED_AUTOS = YES_AGGRESSIVE;
				GCC_WARN_UNUSED_FUNCTION = YES;
				GCC_WARN_UNUSED_VARIABLE = YES;
				IPHONEOS_DEPLOYMENT_TARGET = 7.0;
				MTL_ENABLE_DEBUG_INFO = NO;
				SDKROOT = iphoneos;
				VALIDATE_PRODUCT = YES;
			};
			name = Release;
		};
		04968ABC1B4CBA4B0005C3B0 /* Debug */ = {
			isa = XCBuildConfiguration;
			baseConfigurationReference = 51EC269CB568D80FE2946A44 /* Pods-DWCorePhoto.debug.xcconfig */;
			buildSettings = {
				ASSETCATALOG_COMPILER_APPICON_NAME = AppIcon;
				INFOPLIST_FILE = DWCorePhoto/Info.plist;
				IPHONEOS_DEPLOYMENT_TARGET = 7.0;
				LD_RUNPATH_SEARCH_PATHS = "$(inherited) @executable_path/Frameworks";
				PRODUCT_NAME = "$(TARGET_NAME)";
			};
			name = Debug;
		};
		04968ABD1B4CBA4B0005C3B0 /* Release */ = {
			isa = XCBuildConfiguration;
			baseConfigurationReference = 5540BE4D61213F043A061747 /* Pods-DWCorePhoto.release.xcconfig */;
			buildSettings = {
				ASSETCATALOG_COMPILER_APPICON_NAME = AppIcon;
				INFOPLIST_FILE = DWCorePhoto/Info.plist;
				IPHONEOS_DEPLOYMENT_TARGET = 7.0;
				LD_RUNPATH_SEARCH_PATHS = "$(inherited) @executable_path/Frameworks";
				PRODUCT_NAME = "$(TARGET_NAME)";
			};
			name = Release;
		};
		04968ABF1B4CBA4B0005C3B0 /* Debug */ = {
			isa = XCBuildConfiguration;
			baseConfigurationReference = F24D0C04B10634007C443332 /* Pods-DWCorePhotoTests.debug.xcconfig */;
			buildSettings = {
				BUNDLE_LOADER = "$(TEST_HOST)";
				FRAMEWORK_SEARCH_PATHS = (
					"$(SDKROOT)/Developer/Library/Frameworks",
					"$(inherited)",
				);
				GCC_PREPROCESSOR_DEFINITIONS = (
					"DEBUG=1",
					"$(inherited)",
				);
				INFOPLIST_FILE = DWCorePhotoTests/Info.plist;
				LD_RUNPATH_SEARCH_PATHS = "$(inherited) @executable_path/Frameworks @loader_path/Frameworks";
				PRODUCT_NAME = "$(TARGET_NAME)";
				TEST_HOST = "$(BUILT_PRODUCTS_DIR)/DWCorePhoto.app/DWCorePhoto";
			};
			name = Debug;
		};
		04968AC01B4CBA4B0005C3B0 /* Release */ = {
			isa = XCBuildConfiguration;
			baseConfigurationReference = 2CD857CF43FEC5DA45B428C8 /* Pods-DWCorePhotoTests.release.xcconfig */;
			buildSettings = {
				BUNDLE_LOADER = "$(TEST_HOST)";
				FRAMEWORK_SEARCH_PATHS = (
					"$(SDKROOT)/Developer/Library/Frameworks",
					"$(inherited)",
				);
				INFOPLIST_FILE = DWCorePhotoTests/Info.plist;
				LD_RUNPATH_SEARCH_PATHS = "$(inherited) @executable_path/Frameworks @loader_path/Frameworks";
				PRODUCT_NAME = "$(TARGET_NAME)";
				TEST_HOST = "$(BUILT_PRODUCTS_DIR)/DWCorePhoto.app/DWCorePhoto";
			};
			name = Release;
		};
/* End XCBuildConfiguration section */

/* Begin XCConfigurationList section */
		04968A931B4CBA4B0005C3B0 /* Build configuration list for PBXProject "DWCorePhoto" */ = {
			isa = XCConfigurationList;
			buildConfigurations = (
				04968AB91B4CBA4B0005C3B0 /* Debug */,
				04968ABA1B4CBA4B0005C3B0 /* Release */,
			);
			defaultConfigurationIsVisible = 0;
			defaultConfigurationName = Release;
		};
		04968ABB1B4CBA4B0005C3B0 /* Build configuration list for PBXNativeTarget "DWCorePhoto" */ = {
			isa = XCConfigurationList;
			buildConfigurations = (
				04968ABC1B4CBA4B0005C3B0 /* Debug */,
				04968ABD1B4CBA4B0005C3B0 /* Release */,
			);
			defaultConfigurationIsVisible = 0;
			defaultConfigurationName = Release;
		};
		04968ABE1B4CBA4B0005C3B0 /* Build configuration list for PBXNativeTarget "DWCorePhotoTests" */ = {
			isa = XCConfigurationList;
			buildConfigurations = (
				04968ABF1B4CBA4B0005C3B0 /* Debug */,
				04968AC01B4CBA4B0005C3B0 /* Release */,
			);
			defaultConfigurationIsVisible = 0;
			defaultConfigurationName = Release;
		};
/* End XCConfigurationList section */
	};
	rootObject = 04968A901B4CBA4B0005C3B0 /* Project object */;
}
